// !$*UTF8*$!
{
	archiveVersion = 1;
	classes = {
	};
	objectVersion = 55;
	objects = {

/* Begin PBXBuildFile section */
		6BBF9DF028C0A7E000B253DE /* AppDelegate.swift in Sources */ = {isa = PBXBuildFile; fileRef = 6BBF9DEF28C0A7E000B253DE /* AppDelegate.swift */; };
		6BBF9DF228C0A7E000B253DE /* SceneDelegate.swift in Sources */ = {isa = PBXBuildFile; fileRef = 6BBF9DF128C0A7E000B253DE /* SceneDelegate.swift */; };
		6BBF9DF928C0A7E200B253DE /* Assets.xcassets in Resources */ = {isa = PBXBuildFile; fileRef = 6BBF9DF828C0A7E200B253DE /* Assets.xcassets */; };
		6BBF9DFC28C0A7E200B253DE /* LaunchScreen.storyboard in Resources */ = {isa = PBXBuildFile; fileRef = 6BBF9DFA28C0A7E200B253DE /* LaunchScreen.storyboard */; };
		6BDDC0C428C0F8600076811C /* HomeView.swift in Sources */ = {isa = PBXBuildFile; fileRef = 6BDDC0C328C0F8600076811C /* HomeView.swift */; };
		6BDDC0CE28C0FAA20076811C /* SessionsViewController.m in Sources */ = {isa = PBXBuildFile; fileRef = 6BDDC0CD28C0FAA20076811C /* SessionsViewController.m */; };
		987B6A5528D9EC3C0052CC7A /* SessionTableViewCell.m in Sources */ = {isa = PBXBuildFile; fileRef = 987B6A5428D9EC3C0052CC7A /* SessionTableViewCell.m */; };
		98D8ED6F28EDAD190076B7E4 /* Response.json in Resources */ = {isa = PBXBuildFile; fileRef = 98D8ED6E28EDAD190076B7E4 /* Response.json */; };
		98D8ED7128EDAF3E0076B7E4 /* ProgrammeModel.swift in Sources */ = {isa = PBXBuildFile; fileRef = 98D8ED7028EDAF3E0076B7E4 /* ProgrammeModel.swift */; };
/* End PBXBuildFile section */

/* Begin PBXFileReference section */
		6BBF9DEC28C0A7E000B253DE /* Mentoring.app */ = {isa = PBXFileReference; explicitFileType = wrapper.application; includeInIndex = 0; path = Mentoring.app; sourceTree = BUILT_PRODUCTS_DIR; };
		6BBF9DEF28C0A7E000B253DE /* AppDelegate.swift */ = {isa = PBXFileReference; lastKnownFileType = sourcecode.swift; path = AppDelegate.swift; sourceTree = "<group>"; };
		6BBF9DF128C0A7E000B253DE /* SceneDelegate.swift */ = {isa = PBXFileReference; lastKnownFileType = sourcecode.swift; path = SceneDelegate.swift; sourceTree = "<group>"; };
		6BBF9DF828C0A7E200B253DE /* Assets.xcassets */ = {isa = PBXFileReference; lastKnownFileType = folder.assetcatalog; path = Assets.xcassets; sourceTree = "<group>"; };
		6BBF9DFB28C0A7E200B253DE /* Base */ = {isa = PBXFileReference; lastKnownFileType = file.storyboard; name = Base; path = Base.lproj/LaunchScreen.storyboard; sourceTree = "<group>"; };
		6BBF9DFD28C0A7E200B253DE /* Info.plist */ = {isa = PBXFileReference; lastKnownFileType = text.plist.xml; path = Info.plist; sourceTree = "<group>"; };
		6BDDC0C328C0F8600076811C /* HomeView.swift */ = {isa = PBXFileReference; lastKnownFileType = sourcecode.swift; path = HomeView.swift; sourceTree = "<group>"; };
		6BDDC0C828C0F9B60076811C /* Mentoring-Bridging-Header.h */ = {isa = PBXFileReference; lastKnownFileType = sourcecode.c.h; path = "Mentoring-Bridging-Header.h"; sourceTree = "<group>"; };
		6BDDC0CD28C0FAA20076811C /* SessionsViewController.m */ = {isa = PBXFileReference; lastKnownFileType = sourcecode.c.objc; path = SessionsViewController.m; sourceTree = "<group>"; };
		6BDDC0CF28C0FAB50076811C /* SessionsViewController.h */ = {isa = PBXFileReference; lastKnownFileType = sourcecode.c.h; path = SessionsViewController.h; sourceTree = "<group>"; };
		987B6A5328D9EC3C0052CC7A /* SessionTableViewCell.h */ = {isa = PBXFileReference; lastKnownFileType = sourcecode.c.h; path = SessionTableViewCell.h; sourceTree = "<group>"; };
		987B6A5428D9EC3C0052CC7A /* SessionTableViewCell.m */ = {isa = PBXFileReference; lastKnownFileType = sourcecode.c.objc; path = SessionTableViewCell.m; sourceTree = "<group>"; };
		98D8ED6E28EDAD190076B7E4 /* Response.json */ = {isa = PBXFileReference; lastKnownFileType = text.json; path = Response.json; sourceTree = "<group>"; };
		98D8ED7028EDAF3E0076B7E4 /* ProgrammeModel.swift */ = {isa = PBXFileReference; lastKnownFileType = sourcecode.swift; path = ProgrammeModel.swift; sourceTree = "<group>"; };
/* End PBXFileReference section */

/* Begin PBXFrameworksBuildPhase section */
		6BBF9DE928C0A7E000B253DE /* Frameworks */ = {
			isa = PBXFrameworksBuildPhase;
			buildActionMask = 2147483647;
			files = (
			);
			runOnlyForDeploymentPostprocessing = 0;
		};
/* End PBXFrameworksBuildPhase section */

/* Begin PBXGroup section */
		6BBF9DE328C0A7E000B253DE = {
			isa = PBXGroup;
			children = (
				6BBF9DEE28C0A7E000B253DE /* Mentoring */,
				6BBF9DED28C0A7E000B253DE /* Products */,
			);
			sourceTree = "<group>";
		};
		6BBF9DED28C0A7E000B253DE /* Products */ = {
			isa = PBXGroup;
			children = (
				6BBF9DEC28C0A7E000B253DE /* Mentoring.app */,
			);
			name = Products;
			sourceTree = "<group>";
		};
		6BBF9DEE28C0A7E000B253DE /* Mentoring */ = {
			isa = PBXGroup;
			children = (
				6BDDC0C528C0F9560076811C /* ObjCModule */,
				6BBF9DEF28C0A7E000B253DE /* AppDelegate.swift */,
				6BBF9DF128C0A7E000B253DE /* SceneDelegate.swift */,
				6BBF9DF828C0A7E200B253DE /* Assets.xcassets */,
				6BBF9DFA28C0A7E200B253DE /* LaunchScreen.storyboard */,
				6BBF9DFD28C0A7E200B253DE /* Info.plist */,
				6BDDC0C328C0F8600076811C /* HomeView.swift */,
			);
			path = Mentoring;
			sourceTree = "<group>";
		};
		6BDDC0C528C0F9560076811C /* ObjCModule */ = {
			isa = PBXGroup;
			children = (
				6BDDC0C828C0F9B60076811C /* Mentoring-Bridging-Header.h */,
				6BDDC0CD28C0FAA20076811C /* SessionsViewController.m */,
				6BDDC0CF28C0FAB50076811C /* SessionsViewController.h */,
				987B6A5328D9EC3C0052CC7A /* SessionTableViewCell.h */,
				987B6A5428D9EC3C0052CC7A /* SessionTableViewCell.m */,
				98D8ED6E28EDAD190076B7E4 /* Response.json */,
				98D8ED7028EDAF3E0076B7E4 /* ProgrammeModel.swift */,
			);
			path = ObjCModule;
			sourceTree = "<group>";
		};
/* End PBXGroup section */

/* Begin PBXNativeTarget section */
		6BBF9DEB28C0A7E000B253DE /* Mentoring */ = {
			isa = PBXNativeTarget;
			buildConfigurationList = 6BBF9E0028C0A7E200B253DE /* Build configuration list for PBXNativeTarget "Mentoring" */;
			buildPhases = (
				6BBF9DE828C0A7E000B253DE /* Sources */,
				6BBF9DE928C0A7E000B253DE /* Frameworks */,
				6BBF9DEA28C0A7E000B253DE /* Resources */,
			);
			buildRules = (
			);
			dependencies = (
			);
			name = Mentoring;
			productName = Mentoring;
			productReference = 6BBF9DEC28C0A7E000B253DE /* Mentoring.app */;
			productType = "com.apple.product-type.application";
		};
/* End PBXNativeTarget section */

/* Begin PBXProject section */
		6BBF9DE428C0A7E000B253DE /* Project object */ = {
			isa = PBXProject;
			attributes = {
				BuildIndependentTargetsInParallel = 1;
				LastSwiftUpdateCheck = 1340;
				LastUpgradeCheck = 1340;
				TargetAttributes = {
					6BBF9DEB28C0A7E000B253DE = {
						CreatedOnToolsVersion = 13.4.1;
						LastSwiftMigration = 1340;
					};
				};
			};
			buildConfigurationList = 6BBF9DE728C0A7E000B253DE /* Build configuration list for PBXProject "Mentoring" */;
			compatibilityVersion = "Xcode 13.0";
			developmentRegion = en;
			hasScannedForEncodings = 0;
			knownRegions = (
				en,
				Base,
			);
			mainGroup = 6BBF9DE328C0A7E000B253DE;
			productRefGroup = 6BBF9DED28C0A7E000B253DE /* Products */;
			projectDirPath = "";
			projectRoot = "";
			targets = (
				6BBF9DEB28C0A7E000B253DE /* Mentoring */,
			);
		};
/* End PBXProject section */

/* Begin PBXResourcesBuildPhase section */
		6BBF9DEA28C0A7E000B253DE /* Resources */ = {
			isa = PBXResourcesBuildPhase;
			buildActionMask = 2147483647;
			files = (
				98D8ED6F28EDAD190076B7E4 /* Response.json in Resources */,
				6BBF9DFC28C0A7E200B253DE /* LaunchScreen.storyboard in Resources */,
				6BBF9DF928C0A7E200B253DE /* Assets.xcassets in Resources */,
			);
			runOnlyForDeploymentPostprocessing = 0;
		};
/* End PBXResourcesBuildPhase section */

/* Begin PBXSourcesBuildPhase section */
		6BBF9DE828C0A7E000B253DE /* Sources */ = {
			isa = PBXSourcesBuildPhase;
			buildActionMask = 2147483647;
			files = (
				6BDDC0C428C0F8600076811C /* HomeView.swift in Sources */,
				987B6A5528D9EC3C0052CC7A /* SessionTableViewCell.m in Sources */,
				6BBF9DF028C0A7E000B253DE /* AppDelegate.swift in Sources */,
				6BBF9DF228C0A7E000B253DE /* SceneDelegate.swift in Sources */,
				98D8ED7128EDAF3E0076B7E4 /* ProgrammeModel.swift in Sources */,
				6BDDC0CE28C0FAA20076811C /* SessionsViewController.m in Sources */,
			);
			runOnlyForDeploymentPostprocessing = 0;
		};
/* End PBXSourcesBuildPhase section */

/* Begin PBXVariantGroup section */
		6BBF9DFA28C0A7E200B253DE /* LaunchScreen.storyboard */ = {
			isa = PBXVariantGroup;
			children = (
				6BBF9DFB28C0A7E200B253DE /* Base */,
			);
			name = LaunchScreen.storyboard;
			sourceTree = "<group>";
		};
/* End PBXVariantGroup section */

/* Begin XCBuildConfiguration section */
		6BBF9DFE28C0A7E200B253DE /* Debug */ = {
			isa = XCBuildConfiguration;
			buildSettings = {
				ALWAYS_SEARCH_USER_PATHS = NO;
				CLANG_ANALYZER_NONNULL = YES;
				CLANG_ANALYZER_NUMBER_OBJECT_CONVERSION = YES_AGGRESSIVE;
				CLANG_CXX_LANGUAGE_STANDARD = "gnu++17";
				CLANG_ENABLE_MODULES = YES;
				CLANG_ENABLE_OBJC_ARC = YES;
				CLANG_ENABLE_OBJC_WEAK = YES;
				CLANG_WARN_BLOCK_CAPTURE_AUTORELEASING = YES;
				CLANG_WARN_BOOL_CONVERSION = YES;
				CLANG_WARN_COMMA = YES;
				CLANG_WARN_CONSTANT_CONVERSION = YES;
				CLANG_WARN_DEPRECATED_OBJC_IMPLEMENTATIONS = YES;
				CLANG_WARN_DIRECT_OBJC_ISA_USAGE = YES_ERROR;
				CLANG_WARN_DOCUMENTATION_COMMENTS = YES;
				CLANG_WARN_EMPTY_BODY = YES;
				CLANG_WARN_ENUM_CONVERSION = YES;
				CLANG_WARN_INFINITE_RECURSION = YES;
				CLANG_WARN_INT_CONVERSION = YES;
				CLANG_WARN_NON_LITERAL_NULL_CONVERSION = YES;
				CLANG_WARN_OBJC_IMPLICIT_RETAIN_SELF = YES;
				CLANG_WARN_OBJC_LITERAL_CONVERSION = YES;
				CLANG_WARN_OBJC_ROOT_CLASS = YES_ERROR;
				CLANG_WARN_QUOTED_INCLUDE_IN_FRAMEWORK_HEADER = YES;
				CLANG_WARN_RANGE_LOOP_ANALYSIS = YES;
				CLANG_WARN_STRICT_PROTOTYPES = YES;
				CLANG_WARN_SUSPICIOUS_MOVE = YES;
				CLANG_WARN_UNGUARDED_AVAILABILITY = YES_AGGRESSIVE;
				CLANG_WARN_UNREACHABLE_CODE = YES;
				CLANG_WARN__DUPLICATE_METHOD_MATCH = YES;
				COPY_PHASE_STRIP = NO;
				DEBUG_INFORMATION_FORMAT = dwarf;
				ENABLE_STRICT_OBJC_MSGSEND = YES;
				ENABLE_TESTABILITY = YES;
				GCC_C_LANGUAGE_STANDARD = gnu11;
				GCC_DYNAMIC_NO_PIC = NO;
				GCC_NO_COMMON_BLOCKS = YES;
				GCC_OPTIMIZATION_LEVEL = 0;
				GCC_PREPROCESSOR_DEFINITIONS = (
					"DEBUG=1",
					"$(inherited)",
				);
				GCC_WARN_64_TO_32_BIT_CONVERSION = YES;
				GCC_WARN_ABOUT_RETURN_TYPE = YES_ERROR;
				GCC_WARN_UNDECLARED_SELECTOR = YES;
				GCC_WARN_UNINITIALIZED_AUTOS = YES_AGGRESSIVE;
				GCC_WARN_UNUSED_FUNCTION = YES;
				GCC_WARN_UNUSED_VARIABLE = YES;
				IPHONEOS_DEPLOYMENT_TARGET = 15.5;
				MTL_ENABLE_DEBUG_INFO = INCLUDE_SOURCE;
				MTL_FAST_MATH = YES;
				ONLY_ACTIVE_ARCH = YES;
				SDKROOT = iphoneos;
				SWIFT_ACTIVE_COMPILATION_CONDITIONS = DEBUG;
				SWIFT_OPTIMIZATION_LEVEL = "-Onone";
			};
			name = Debug;
		};
		6BBF9DFF28C0A7E200B253DE /* Release */ = {
			isa = XCBuildConfiguration;
			buildSettings = {
				ALWAYS_SEARCH_USER_PATHS = NO;
				CLANG_ANALYZER_NONNULL = YES;
				CLANG_ANALYZER_NUMBER_OBJECT_CONVERSION = YES_AGGRESSIVE;
				CLANG_CXX_LANGUAGE_STANDARD = "gnu++17";
				CLANG_ENABLE_MODULES = YES;
				CLANG_ENABLE_OBJC_ARC = YES;
				CLANG_ENABLE_OBJC_WEAK = YES;
				CLANG_WARN_BLOCK_CAPTURE_AUTORELEASING = YES;
				CLANG_WARN_BOOL_CONVERSION = YES;
				CLANG_WARN_COMMA = YES;
				CLANG_WARN_CONSTANT_CONVERSION = YES;
				CLANG_WARN_DEPRECATED_OBJC_IMPLEMENTATIONS = YES;
				CLANG_WARN_DIRECT_OBJC_ISA_USAGE = YES_ERROR;
				CLANG_WARN_DOCUMENTATION_COMMENTS = YES;
				CLANG_WARN_EMPTY_BODY = YES;
				CLANG_WARN_ENUM_CONVERSION = YES;
				CLANG_WARN_INFINITE_RECURSION = YES;
				CLANG_WARN_INT_CONVERSION = YES;
				CLANG_WARN_NON_LITERAL_NULL_CONVERSION = YES;
				CLANG_WARN_OBJC_IMPLICIT_RETAIN_SELF = YES;
				CLANG_WARN_OBJC_LITERAL_CONVERSION = YES;
				CLANG_WARN_OBJC_ROOT_CLASS = YES_ERROR;
				CLANG_WARN_QUOTED_INCLUDE_IN_FRAMEWORK_HEADER = YES;
				CLANG_WARN_RANGE_LOOP_ANALYSIS = YES;
				CLANG_WARN_STRICT_PROTOTYPES = YES;
				CLANG_WARN_SUSPICIOUS_MOVE = YES;
				CLANG_WARN_UNGUARDED_AVAILABILITY = YES_AGGRESSIVE;
				CLANG_WARN_UNREACHABLE_CODE = YES;
				CLANG_WARN__DUPLICATE_METHOD_MATCH = YES;
				COPY_PHASE_STRIP = NO;
				DEBUG_INFORMATION_FORMAT = "dwarf-with-dsym";
				ENABLE_NS_ASSERTIONS = NO;
				ENABLE_STRICT_OBJC_MSGSEND = YES;
				GCC_C_LANGUAGE_STANDARD = gnu11;
				GCC_NO_COMMON_BLOCKS = YES;
				GCC_WARN_64_TO_32_BIT_CONVERSION = YES;
				GCC_WARN_ABOUT_RETURN_TYPE = YES_ERROR;
				GCC_WARN_UNDECLARED_SELECTOR = YES;
				GCC_WARN_UNINITIALIZED_AUTOS = YES_AGGRESSIVE;
				GCC_WARN_UNUSED_FUNCTION = YES;
				GCC_WARN_UNUSED_VARIABLE = YES;
				IPHONEOS_DEPLOYMENT_TARGET = 15.5;
				MTL_ENABLE_DEBUG_INFO = NO;
				MTL_FAST_MATH = YES;
				SDKROOT = iphoneos;
				SWIFT_COMPILATION_MODE = wholemodule;
				SWIFT_OPTIMIZATION_LEVEL = "-O";
				VALIDATE_PRODUCT = YES;
			};
			name = Release;
		};
		6BBF9E0128C0A7E200B253DE /* Debug */ = {
			isa = XCBuildConfiguration;
			buildSettings = {
				ASSETCATALOG_COMPILER_APPICON_NAME = AppIcon;
				ASSETCATALOG_COMPILER_GLOBAL_ACCENT_COLOR_NAME = AccentColor;
				CLANG_ENABLE_MODULES = YES;
				CODE_SIGN_STYLE = Automatic;
				CURRENT_PROJECT_VERSION = 1;
				DEVELOPMENT_TEAM = PPH9EJ7977;
				GENERATE_INFOPLIST_FILE = YES;
				INFOPLIST_FILE = Mentoring/Info.plist;
				INFOPLIST_KEY_UIApplicationSupportsIndirectInputEvents = YES;
				INFOPLIST_KEY_UILaunchStoryboardName = LaunchScreen;
				INFOPLIST_KEY_UISupportedInterfaceOrientations_iPad = "UIInterfaceOrientationPortrait UIInterfaceOrientationPortraitUpsideDown UIInterfaceOrientationLandscapeLeft UIInterfaceOrientationLandscapeRight";
				INFOPLIST_KEY_UISupportedInterfaceOrientations_iPhone = "UIInterfaceOrientationPortrait UIInterfaceOrientationLandscapeLeft UIInterfaceOrientationLandscapeRight";
				LD_RUNPATH_SEARCH_PATHS = (
					"$(inherited)",
					"@executable_path/Frameworks",
				);
				MARKETING_VERSION = 1.0;
				PRODUCT_BUNDLE_IDENTIFIER = uk.co.bbc.iplayer.Mentoring;
				PRODUCT_NAME = "$(TARGET_NAME)";
				SWIFT_EMIT_LOC_STRINGS = YES;
				SWIFT_OBJC_BRIDGING_HEADER = "Mentoring/ObjCModule/Mentoring-Bridging-Header.h";
				SWIFT_OPTIMIZATION_LEVEL = "-Onone";
				SWIFT_VERSION = 5.0;
				TARGETED_DEVICE_FAMILY = "1,2";
			};
			name = Debug;
		};
		6BBF9E0228C0A7E200B253DE /* Release */ = {
			isa = XCBuildConfiguration;
			buildSettings = {
				ASSETCATALOG_COMPILER_APPICON_NAME = AppIcon;
				ASSETCATALOG_COMPILER_GLOBAL_ACCENT_COLOR_NAME = AccentColor;
				CLANG_ENABLE_MODULES = YES;
				CODE_SIGN_STYLE = Automatic;
				CURRENT_PROJECT_VERSION = 1;
				DEVELOPMENT_TEAM = PPH9EJ7977;
				GENERATE_INFOPLIST_FILE = YES;
				INFOPLIST_FILE = Mentoring/Info.plist;
				INFOPLIST_KEY_UIApplicationSupportsIndirectInputEvents = YES;
				INFOPLIST_KEY_UILaunchStoryboardName = LaunchScreen;
				INFOPLIST_KEY_UISupportedInterfaceOrientations_iPad = "UIInterfaceOrientationPortrait UIInterfaceOrientationPortraitUpsideDown UIInterfaceOrientationLandscapeLeft UIInterfaceOrientationLandscapeRight";
				INFOPLIST_KEY_UISupportedInterfaceOrientations_iPhone = "UIInterfaceOrientationPortrait UIInterfaceOrientationLandscapeLeft UIInterfaceOrientationLandscapeRight";
				LD_RUNPATH_SEARCH_PATHS = (
					"$(inherited)",
					"@executable_path/Frameworks",
				);
				MARKETING_VERSION = 1.0;
				PRODUCT_BUNDLE_IDENTIFIER = uk.co.bbc.iplayer.Mentoring;
				PRODUCT_NAME = "$(TARGET_NAME)";
				SWIFT_EMIT_LOC_STRINGS = YES;
				SWIFT_OBJC_BRIDGING_HEADER = "Mentoring/ObjCModule/Mentoring-Bridging-Header.h";
				SWIFT_VERSION = 5.0;
				TARGETED_DEVICE_FAMILY = "1,2";
			};
			name = Release;
		};
/* End XCBuildConfiguration section */

/* Begin XCConfigurationList section */
		6BBF9DE728C0A7E000B253DE /* Build configuration list for PBXProject "Mentoring" */ = {
			isa = XCConfigurationList;
			buildConfigurations = (
				6BBF9DFE28C0A7E200B253DE /* Debug */,
				6BBF9DFF28C0A7E200B253DE /* Release */,
			);
			defaultConfigurationIsVisible = 0;
			defaultConfigurationName = Release;
		};
		6BBF9E0028C0A7E200B253DE /* Build configuration list for PBXNativeTarget "Mentoring" */ = {
			isa = XCConfigurationList;
			buildConfigurations = (
				6BBF9E0128C0A7E200B253DE /* Debug */,
				6BBF9E0228C0A7E200B253DE /* Release */,
			);
			defaultConfigurationIsVisible = 0;
			defaultConfigurationName = Release;
		};
/* End XCConfigurationList section */
	};
	rootObject = 6BBF9DE428C0A7E000B253DE /* Project object */;
}
